// !$*UTF8*$!
{
	archiveVersion = 1;
	classes = {
	};
	objectVersion = 56;
	objects = {

/* Begin PBXBuildFile section */
		EE13C5812BFE3B040083C752 /* Avia_Skies_AdventureApp.swift in Sources */ = {isa = PBXBuildFile; fileRef = EE13C5802BFE3B040083C752 /* Avia_Skies_AdventureApp.swift */; };
		EE13C5832BFE3B040083C752 /* ContentView.swift in Sources */ = {isa = PBXBuildFile; fileRef = EE13C5822BFE3B040083C752 /* ContentView.swift */; };
		EE13C5852BFE3B060083C752 /* Assets.xcassets in Resources */ = {isa = PBXBuildFile; fileRef = EE13C5842BFE3B060083C752 /* Assets.xcassets */; };
		EE13C5882BFE3B060083C752 /* Preview Assets.xcassets in Resources */ = {isa = PBXBuildFile; fileRef = EE13C5872BFE3B060083C752 /* Preview Assets.xcassets */; };
		EE13C5912BFE3C1A0083C752 /* recoleta-regulardemo.otf in Resources */ = {isa = PBXBuildFile; fileRef = EE13C5902BFE3C1A0083C752 /* recoleta-regulardemo.otf */; };
		EE13C5952BFE3C710083C752 /* SplashLoadingContentView.swift in Sources */ = {isa = PBXBuildFile; fileRef = EE13C5942BFE3C710083C752 /* SplashLoadingContentView.swift */; };
		EE13C5972BFE405E0083C752 /* CarterOne-Regular.ttf in Resources */ = {isa = PBXBuildFile; fileRef = EE13C5962BFE405E0083C752 /* CarterOne-Regular.ttf */; };
		EE13C59A2BFE46330083C752 /* SettingsView.swift in Sources */ = {isa = PBXBuildFile; fileRef = EE13C5992BFE46330083C752 /* SettingsView.swift */; };
		EE13C59C2BFE46C70083C752 /* Keys.swift in Sources */ = {isa = PBXBuildFile; fileRef = EE13C59B2BFE46C70083C752 /* Keys.swift */; };
		EE13C59F2BFE476F0083C752 /* ShopView.swift in Sources */ = {isa = PBXBuildFile; fileRef = EE13C59E2BFE476F0083C752 /* ShopView.swift */; };
		EE13C5A22BFE482E0083C752 /* Shop.swift in Sources */ = {isa = PBXBuildFile; fileRef = EE13C5A12BFE482E0083C752 /* Shop.swift */; };
		EE13C5A42BFE4A000083C752 /* UserData.swift in Sources */ = {isa = PBXBuildFile; fileRef = EE13C5A32BFE4A000083C752 /* UserData.swift */; };
		EE13C5A72BFF658F0083C752 /* SkiesAdventureGameView.swift in Sources */ = {isa = PBXBuildFile; fileRef = EE13C5A62BFF658F0083C752 /* SkiesAdventureGameView.swift */; };
		EE13C5A92BFF65A70083C752 /* SkiesAdventureScene.swift in Sources */ = {isa = PBXBuildFile; fileRef = EE13C5A82BFF65A60083C752 /* SkiesAdventureScene.swift */; };
		EE13C5AC2BFF83230083C752 /* coin.mp3 in Resources */ = {isa = PBXBuildFile; fileRef = EE13C5AB2BFF83230083C752 /* coin.mp3 */; };
		EE13C5AE2BFF833C0083C752 /* exp_plane.mp3 in Resources */ = {isa = PBXBuildFile; fileRef = EE13C5AD2BFF833C0083C752 /* exp_plane.mp3 */; };
		EE13C5B02BFF835A0083C752 /* launch_rocket.mp3 in Resources */ = {isa = PBXBuildFile; fileRef = EE13C5AF2BFF835A0083C752 /* launch_rocket.mp3 */; };
		EE13C5B22BFF83830083C752 /* fon.mp3 in Resources */ = {isa = PBXBuildFile; fileRef = EE13C5B12BFF83830083C752 /* fon.mp3 */; };
/* End PBXBuildFile section */

/* Begin PBXFileReference section */
		EE13C57D2BFE3B040083C752 /* Avia Skies Adventure.app */ = {isa = PBXFileReference; explicitFileType = wrapper.application; includeInIndex = 0; path = "Avia Skies Adventure.app"; sourceTree = BUILT_PRODUCTS_DIR; };
		EE13C5802BFE3B040083C752 /* Avia_Skies_AdventureApp.swift */ = {isa = PBXFileReference; lastKnownFileType = sourcecode.swift; path = Avia_Skies_AdventureApp.swift; sourceTree = "<group>"; };
		EE13C5822BFE3B040083C752 /* ContentView.swift */ = {isa = PBXFileReference; lastKnownFileType = sourcecode.swift; path = ContentView.swift; sourceTree = "<group>"; };
		EE13C5842BFE3B060083C752 /* Assets.xcassets */ = {isa = PBXFileReference; lastKnownFileType = folder.assetcatalog; path = Assets.xcassets; sourceTree = "<group>"; };
		EE13C5872BFE3B060083C752 /* Preview Assets.xcassets */ = {isa = PBXFileReference; lastKnownFileType = folder.assetcatalog; path = "Preview Assets.xcassets"; sourceTree = "<group>"; };
		EE13C5902BFE3C1A0083C752 /* recoleta-regulardemo.otf */ = {isa = PBXFileReference; lastKnownFileType = file; path = "recoleta-regulardemo.otf"; sourceTree = "<group>"; };
		EE13C5922BFE3C2F0083C752 /* Avia-Skies-Adventure-Info.plist */ = {isa = PBXFileReference; lastKnownFileType = text.plist; path = "Avia-Skies-Adventure-Info.plist"; sourceTree = SOURCE_ROOT; };
		EE13C5942BFE3C710083C752 /* SplashLoadingContentView.swift */ = {isa = PBXFileReference; lastKnownFileType = sourcecode.swift; path = SplashLoadingContentView.swift; sourceTree = "<group>"; };
		EE13C5962BFE405E0083C752 /* CarterOne-Regular.ttf */ = {isa = PBXFileReference; lastKnownFileType = file; path = "CarterOne-Regular.ttf"; sourceTree = "<group>"; };
		EE13C5992BFE46330083C752 /* SettingsView.swift */ = {isa = PBXFileReference; lastKnownFileType = sourcecode.swift; path = SettingsView.swift; sourceTree = "<group>"; };
		EE13C59B2BFE46C70083C752 /* Keys.swift */ = {isa = PBXFileReference; lastKnownFileType = sourcecode.swift; path = Keys.swift; sourceTree = "<group>"; };
		EE13C59E2BFE476F0083C752 /* ShopView.swift */ = {isa = PBXFileReference; lastKnownFileType = sourcecode.swift; path = ShopView.swift; sourceTree = "<group>"; };
		EE13C5A12BFE482E0083C752 /* Shop.swift */ = {isa = PBXFileReference; lastKnownFileType = sourcecode.swift; path = Shop.swift; sourceTree = "<group>"; };
		EE13C5A32BFE4A000083C752 /* UserData.swift */ = {isa = PBXFileReference; lastKnownFileType = sourcecode.swift; path = UserData.swift; sourceTree = "<group>"; };
		EE13C5A62BFF658F0083C752 /* SkiesAdventureGameView.swift */ = {isa = PBXFileReference; lastKnownFileType = sourcecode.swift; path = SkiesAdventureGameView.swift; sourceTree = "<group>"; };
		EE13C5A82BFF65A60083C752 /* SkiesAdventureScene.swift */ = {isa = PBXFileReference; lastKnownFileType = sourcecode.swift; path = SkiesAdventureScene.swift; sourceTree = "<group>"; };
		EE13C5AB2BFF83230083C752 /* coin.mp3 */ = {isa = PBXFileReference; lastKnownFileType = audio.mp3; path = coin.mp3; sourceTree = "<group>"; };
		EE13C5AD2BFF833C0083C752 /* exp_plane.mp3 */ = {isa = PBXFileReference; lastKnownFileType = audio.mp3; path = exp_plane.mp3; sourceTree = "<group>"; };
		EE13C5AF2BFF835A0083C752 /* launch_rocket.mp3 */ = {isa = PBXFileReference; lastKnownFileType = audio.mp3; path = launch_rocket.mp3; sourceTree = "<group>"; };
		EE13C5B12BFF83830083C752 /* fon.mp3 */ = {isa = PBXFileReference; lastKnownFileType = audio.mp3; path = fon.mp3; sourceTree = "<group>"; };
/* End PBXFileReference section */

/* Begin PBXFrameworksBuildPhase section */
		EE13C57A2BFE3B040083C752 /* Frameworks */ = {
			isa = PBXFrameworksBuildPhase;
			buildActionMask = 2147483647;
			files = (
			);
			runOnlyForDeploymentPostprocessing = 0;
		};
/* End PBXFrameworksBuildPhase section */

/* Begin PBXGroup section */
		EE13C5742BFE3B040083C752 = {
			isa = PBXGroup;
			children = (
				EE13C57F2BFE3B040083C752 /* Avia Skies Adventure */,
				EE13C57E2BFE3B040083C752 /* Products */,
			);
			sourceTree = "<group>";
		};
		EE13C57E2BFE3B040083C752 /* Products */ = {
			isa = PBXGroup;
			children = (
				EE13C57D2BFE3B040083C752 /* Avia Skies Adventure.app */,
			);
			name = Products;
			sourceTree = "<group>";
		};
		EE13C57F2BFE3B040083C752 /* Avia Skies Adventure */ = {
			isa = PBXGroup;
			children = (
				EE13C5AA2BFF83180083C752 /* Audio */,
				EE13C5A02BFE48280083C752 /* Data */,
				EE13C5922BFE3C2F0083C752 /* Avia-Skies-Adventure-Info.plist */,
				EE13C5962BFE405E0083C752 /* CarterOne-Regular.ttf */,
				EE13C5902BFE3C1A0083C752 /* recoleta-regulardemo.otf */,
				EE13C58E2BFE3B140083C752 /* ContentViews */,
				EE13C5802BFE3B040083C752 /* Avia_Skies_AdventureApp.swift */,
				EE13C5842BFE3B060083C752 /* Assets.xcassets */,
				EE13C5862BFE3B060083C752 /* Preview Content */,
				EE13C59B2BFE46C70083C752 /* Keys.swift */,
			);
			path = "Avia Skies Adventure";
			sourceTree = "<group>";
		};
		EE13C5862BFE3B060083C752 /* Preview Content */ = {
			isa = PBXGroup;
			children = (
				EE13C5872BFE3B060083C752 /* Preview Assets.xcassets */,
			);
			path = "Preview Content";
			sourceTree = "<group>";
		};
		EE13C58E2BFE3B140083C752 /* ContentViews */ = {
			isa = PBXGroup;
			children = (
				EE13C5A52BFF65730083C752 /* SkiesAdventure */,
				EE13C59D2BFE47640083C752 /* ShopView */,
				EE13C5982BFE46270083C752 /* SettingsView */,
				EE13C5932BFE3C550083C752 /* MainContentView */,
				EE13C58F2BFE3B1F0083C752 /* LoadingGame */,
				EE13C5A32BFE4A000083C752 /* UserData.swift */,
			);
			path = ContentViews;
			sourceTree = "<group>";
		};
		EE13C58F2BFE3B1F0083C752 /* LoadingGame */ = {
			isa = PBXGroup;
			children = (
				EE13C5942BFE3C710083C752 /* SplashLoadingContentView.swift */,
			);
			path = LoadingGame;
			sourceTree = "<group>";
		};
		EE13C5932BFE3C550083C752 /* MainContentView */ = {
			isa = PBXGroup;
			children = (
				EE13C5822BFE3B040083C752 /* ContentView.swift */,
			);
			path = MainContentView;
			sourceTree = "<group>";
		};
		EE13C5982BFE46270083C752 /* SettingsView */ = {
			isa = PBXGroup;
			children = (
				EE13C5992BFE46330083C752 /* SettingsView.swift */,
			);
			path = SettingsView;
			sourceTree = "<group>";
		};
		EE13C59D2BFE47640083C752 /* ShopView */ = {
			isa = PBXGroup;
			children = (
				EE13C59E2BFE476F0083C752 /* ShopView.swift */,
			);
			path = ShopView;
			sourceTree = "<group>";
		};
		EE13C5A02BFE48280083C752 /* Data */ = {
			isa = PBXGroup;
			children = (
				EE13C5A12BFE482E0083C752 /* Shop.swift */,
			);
			path = Data;
			sourceTree = "<group>";
		};
		EE13C5A52BFF65730083C752 /* SkiesAdventure */ = {
			isa = PBXGroup;
			children = (
				EE13C5A62BFF658F0083C752 /* SkiesAdventureGameView.swift */,
				EE13C5A82BFF65A60083C752 /* SkiesAdventureScene.swift */,
			);
			path = SkiesAdventure;
			sourceTree = "<group>";
		};
		EE13C5AA2BFF83180083C752 /* Audio */ = {
			isa = PBXGroup;
			children = (
				EE13C5B12BFF83830083C752 /* fon.mp3 */,
				EE13C5AF2BFF835A0083C752 /* launch_rocket.mp3 */,
				EE13C5AD2BFF833C0083C752 /* exp_plane.mp3 */,
				EE13C5AB2BFF83230083C752 /* coin.mp3 */,
			);
			path = Audio;
			sourceTree = "<group>";
		};
/* End PBXGroup section */

/* Begin PBXNativeTarget section */
		EE13C57C2BFE3B040083C752 /* Avia Skies Adventure */ = {
			isa = PBXNativeTarget;
			buildConfigurationList = EE13C58B2BFE3B060083C752 /* Build configuration list for PBXNativeTarget "Avia Skies Adventure" */;
			buildPhases = (
				EE13C5792BFE3B040083C752 /* Sources */,
				EE13C57A2BFE3B040083C752 /* Frameworks */,
				EE13C57B2BFE3B040083C752 /* Resources */,
			);
			buildRules = (
			);
			dependencies = (
			);
			name = "Avia Skies Adventure";
			productName = "Avia Skies Adventure";
			productReference = EE13C57D2BFE3B040083C752 /* Avia Skies Adventure.app */;
			productType = "com.apple.product-type.application";
		};
/* End PBXNativeTarget section */

/* Begin PBXProject section */
		EE13C5752BFE3B040083C752 /* Project object */ = {
			isa = PBXProject;
			attributes = {
				BuildIndependentTargetsInParallel = 1;
				LastSwiftUpdateCheck = 1510;
				LastUpgradeCheck = 1510;
				TargetAttributes = {
					EE13C57C2BFE3B040083C752 = {
						CreatedOnToolsVersion = 15.1;
					};
				};
			};
			buildConfigurationList = EE13C5782BFE3B040083C752 /* Build configuration list for PBXProject "Avia Skies Adventure" */;
			compatibilityVersion = "Xcode 14.0";
			developmentRegion = en;
			hasScannedForEncodings = 0;
			knownRegions = (
				en,
				Base,
			);
			mainGroup = EE13C5742BFE3B040083C752;
			productRefGroup = EE13C57E2BFE3B040083C752 /* Products */;
			projectDirPath = "";
			projectRoot = "";
			targets = (
				EE13C57C2BFE3B040083C752 /* Avia Skies Adventure */,
			);
		};
/* End PBXProject section */

/* Begin PBXResourcesBuildPhase section */
		EE13C57B2BFE3B040083C752 /* Resources */ = {
			isa = PBXResourcesBuildPhase;
			buildActionMask = 2147483647;
			files = (
				EE13C5B02BFF835A0083C752 /* launch_rocket.mp3 in Resources */,
				EE13C5912BFE3C1A0083C752 /* recoleta-regulardemo.otf in Resources */,
				EE13C5882BFE3B060083C752 /* Preview Assets.xcassets in Resources */,
				EE13C5852BFE3B060083C752 /* Assets.xcassets in Resources */,
				EE13C5972BFE405E0083C752 /* CarterOne-Regular.ttf in Resources */,
				EE13C5AE2BFF833C0083C752 /* exp_plane.mp3 in Resources */,
				EE13C5AC2BFF83230083C752 /* coin.mp3 in Resources */,
				EE13C5B22BFF83830083C752 /* fon.mp3 in Resources */,
			);
			runOnlyForDeploymentPostprocessing = 0;
		};
/* End PBXResourcesBuildPhase section */

/* Begin PBXSourcesBuildPhase section */
		EE13C5792BFE3B040083C752 /* Sources */ = {
			isa = PBXSourcesBuildPhase;
			buildActionMask = 2147483647;
			files = (
				EE13C59F2BFE476F0083C752 /* ShopView.swift in Sources */,
				EE13C5832BFE3B040083C752 /* ContentView.swift in Sources */,
				EE13C5A42BFE4A000083C752 /* UserData.swift in Sources */,
				EE13C59A2BFE46330083C752 /* SettingsView.swift in Sources */,
				EE13C5812BFE3B040083C752 /* Avia_Skies_AdventureApp.swift in Sources */,
				EE13C5A22BFE482E0083C752 /* Shop.swift in Sources */,
				EE13C5A72BFF658F0083C752 /* SkiesAdventureGameView.swift in Sources */,
				EE13C5A92BFF65A70083C752 /* SkiesAdventureScene.swift in Sources */,
				EE13C5952BFE3C710083C752 /* SplashLoadingContentView.swift in Sources */,
				EE13C59C2BFE46C70083C752 /* Keys.swift in Sources */,
			);
			runOnlyForDeploymentPostprocessing = 0;
		};
/* End PBXSourcesBuildPhase section */

/* Begin XCBuildConfiguration section */
		EE13C5892BFE3B060083C752 /* Debug */ = {
			isa = XCBuildConfiguration;
			buildSettings = {
				ALWAYS_SEARCH_USER_PATHS = NO;
				ASSETCATALOG_COMPILER_GENERATE_SWIFT_ASSET_SYMBOL_EXTENSIONS = YES;
				CLANG_ANALYZER_NONNULL = YES;
				CLANG_ANALYZER_NUMBER_OBJECT_CONVERSION = YES_AGGRESSIVE;
				CLANG_CXX_LANGUAGE_STANDARD = "gnu++20";
				CLANG_ENABLE_MODULES = YES;
				CLANG_ENABLE_OBJC_ARC = YES;
				CLANG_ENABLE_OBJC_WEAK = YES;
				CLANG_WARN_BLOCK_CAPTURE_AUTORELEASING = YES;
				CLANG_WARN_BOOL_CONVERSION = YES;
				CLANG_WARN_COMMA = YES;
				CLANG_WARN_CONSTANT_CONVERSION = YES;
				CLANG_WARN_DEPRECATED_OBJC_IMPLEMENTATIONS = YES;
				CLANG_WARN_DIRECT_OBJC_ISA_USAGE = YES_ERROR;
				CLANG_WARN_DOCUMENTATION_COMMENTS = YES;
				CLANG_WARN_EMPTY_BODY = YES;
				CLANG_WARN_ENUM_CONVERSION = YES;
				CLANG_WARN_INFINITE_RECURSION = YES;
				CLANG_WARN_INT_CONVERSION = YES;
				CLANG_WARN_NON_LITERAL_NULL_CONVERSION = YES;
				CLANG_WARN_OBJC_IMPLICIT_RETAIN_SELF = YES;
				CLANG_WARN_OBJC_LITERAL_CONVERSION = YES;
				CLANG_WARN_OBJC_ROOT_CLASS = YES_ERROR;
				CLANG_WARN_QUOTED_INCLUDE_IN_FRAMEWORK_HEADER = YES;
				CLANG_WARN_RANGE_LOOP_ANALYSIS = YES;
				CLANG_WARN_STRICT_PROTOTYPES = YES;
				CLANG_WARN_SUSPICIOUS_MOVE = YES;
				CLANG_WARN_UNGUARDED_AVAILABILITY = YES_AGGRESSIVE;
				CLANG_WARN_UNREACHABLE_CODE = YES;
				CLANG_WARN__DUPLICATE_METHOD_MATCH = YES;
				COPY_PHASE_STRIP = NO;
				DEBUG_INFORMATION_FORMAT = dwarf;
				ENABLE_STRICT_OBJC_MSGSEND = YES;
				ENABLE_TESTABILITY = YES;
				ENABLE_USER_SCRIPT_SANDBOXING = YES;
				GCC_C_LANGUAGE_STANDARD = gnu17;
				GCC_DYNAMIC_NO_PIC = NO;
				GCC_NO_COMMON_BLOCKS = YES;
				GCC_OPTIMIZATION_LEVEL = 0;
				GCC_PREPROCESSOR_DEFINITIONS = (
					"DEBUG=1",
					"$(inherited)",
				);
				GCC_WARN_64_TO_32_BIT_CONVERSION = YES;
				GCC_WARN_ABOUT_RETURN_TYPE = YES_ERROR;
				GCC_WARN_UNDECLARED_SELECTOR = YES;
				GCC_WARN_UNINITIALIZED_AUTOS = YES_AGGRESSIVE;
				GCC_WARN_UNUSED_FUNCTION = YES;
				GCC_WARN_UNUSED_VARIABLE = YES;
				IPHONEOS_DEPLOYMENT_TARGET = 17.2;
				LOCALIZATION_PREFERS_STRING_CATALOGS = YES;
				MTL_ENABLE_DEBUG_INFO = INCLUDE_SOURCE;
				MTL_FAST_MATH = YES;
				ONLY_ACTIVE_ARCH = YES;
				SDKROOT = iphoneos;
				SWIFT_ACTIVE_COMPILATION_CONDITIONS = "DEBUG $(inherited)";
				SWIFT_OPTIMIZATION_LEVEL = "-Onone";
			};
			name = Debug;
		};
		EE13C58A2BFE3B060083C752 /* Release */ = {
			isa = XCBuildConfiguration;
			buildSettings = {
				ALWAYS_SEARCH_USER_PATHS = NO;
				ASSETCATALOG_COMPILER_GENERATE_SWIFT_ASSET_SYMBOL_EXTENSIONS = YES;
				CLANG_ANALYZER_NONNULL = YES;
				CLANG_ANALYZER_NUMBER_OBJECT_CONVERSION = YES_AGGRESSIVE;
				CLANG_CXX_LANGUAGE_STANDARD = "gnu++20";
				CLANG_ENABLE_MODULES = YES;
				CLANG_ENABLE_OBJC_ARC = YES;
				CLANG_ENABLE_OBJC_WEAK = YES;
				CLANG_WARN_BLOCK_CAPTURE_AUTORELEASING = YES;
				CLANG_WARN_BOOL_CONVERSION = YES;
				CLANG_WARN_COMMA = YES;
				CLANG_WARN_CONSTANT_CONVERSION = YES;
				CLANG_WARN_DEPRECATED_OBJC_IMPLEMENTATIONS = YES;
				CLANG_WARN_DIRECT_OBJC_ISA_USAGE = YES_ERROR;
				CLANG_WARN_DOCUMENTATION_COMMENTS = YES;
				CLANG_WARN_EMPTY_BODY = YES;
				CLANG_WARN_ENUM_CONVERSION = YES;
				CLANG_WARN_INFINITE_RECURSION = YES;
				CLANG_WARN_INT_CONVERSION = YES;
				CLANG_WARN_NON_LITERAL_NULL_CONVERSION = YES;
				CLANG_WARN_OBJC_IMPLICIT_RETAIN_SELF = YES;
				CLANG_WARN_OBJC_LITERAL_CONVERSION = YES;
				CLANG_WARN_OBJC_ROOT_CLASS = YES_ERROR;
				CLANG_WARN_QUOTED_INCLUDE_IN_FRAMEWORK_HEADER = YES;
				CLANG_WARN_RANGE_LOOP_ANALYSIS = YES;
				CLANG_WARN_STRICT_PROTOTYPES = YES;
				CLANG_WARN_SUSPICIOUS_MOVE = YES;
				CLANG_WARN_UNGUARDED_AVAILABILITY = YES_AGGRESSIVE;
				CLANG_WARN_UNREACHABLE_CODE = YES;
				CLANG_WARN__DUPLICATE_METHOD_MATCH = YES;
				COPY_PHASE_STRIP = NO;
				DEBUG_INFORMATION_FORMAT = "dwarf-with-dsym";
				ENABLE_NS_ASSERTIONS = NO;
				ENABLE_STRICT_OBJC_MSGSEND = YES;
				ENABLE_USER_SCRIPT_SANDBOXING = YES;
				GCC_C_LANGUAGE_STANDARD = gnu17;
				GCC_NO_COMMON_BLOCKS = YES;
				GCC_WARN_64_TO_32_BIT_CONVERSION = YES;
				GCC_WARN_ABOUT_RETURN_TYPE = YES_ERROR;
				GCC_WARN_UNDECLARED_SELECTOR = YES;
				GCC_WARN_UNINITIALIZED_AUTOS = YES_AGGRESSIVE;
				GCC_WARN_UNUSED_FUNCTION = YES;
				GCC_WARN_UNUSED_VARIABLE = YES;
				IPHONEOS_DEPLOYMENT_TARGET = 17.2;
				LOCALIZATION_PREFERS_STRING_CATALOGS = YES;
				MTL_ENABLE_DEBUG_INFO = NO;
				MTL_FAST_MATH = YES;
				SDKROOT = iphoneos;
				SWIFT_COMPILATION_MODE = wholemodule;
				VALIDATE_PRODUCT = YES;
			};
			name = Release;
		};
		EE13C58C2BFE3B060083C752 /* Debug */ = {
			isa = XCBuildConfiguration;
			buildSettings = {
				ASSETCATALOG_COMPILER_APPICON_NAME = AppIcon;
				ASSETCATALOG_COMPILER_GLOBAL_ACCENT_COLOR_NAME = AccentColor;
				CODE_SIGN_STYLE = Automatic;
				CURRENT_PROJECT_VERSION = 1;
				DEVELOPMENT_ASSET_PATHS = "\"Avia Skies Adventure/Preview Content\"";
				DEVELOPMENT_TEAM = 4RSA42DBKQ;
				ENABLE_PREVIEWS = YES;
				GENERATE_INFOPLIST_FILE = YES;
				INFOPLIST_FILE = "Avia-Skies-Adventure-Info.plist";
				INFOPLIST_KEY_UIApplicationSceneManifest_Generation = YES;
				INFOPLIST_KEY_UIApplicationSupportsIndirectInputEvents = YES;
				INFOPLIST_KEY_UILaunchScreen_Generation = YES;
				INFOPLIST_KEY_UISupportedInterfaceOrientations_iPad = "UIInterfaceOrientationPortrait UIInterfaceOrientationPortraitUpsideDown UIInterfaceOrientationLandscapeLeft UIInterfaceOrientationLandscapeRight";
				INFOPLIST_KEY_UISupportedInterfaceOrientations_iPhone = "UIInterfaceOrientationPortrait UIInterfaceOrientationLandscapeLeft UIInterfaceOrientationLandscapeRight";
				IPHONEOS_DEPLOYMENT_TARGET = 14.0;
				LD_RUNPATH_SEARCH_PATHS = (
					"$(inherited)",
					"@executable_path/Frameworks",
				);
				MARKETING_VERSION = 1.0;
				PRODUCT_BUNDLE_IDENTIFIER = "com.gamebig.Avia-Skies-Adventure";
				PRODUCT_NAME = "$(TARGET_NAME)";
				SUPPORTED_PLATFORMS = "iphoneos iphonesimulator";
				SUPPORTS_MACCATALYST = NO;
				SUPPORTS_MAC_DESIGNED_FOR_IPHONE_IPAD = NO;
				SWIFT_EMIT_LOC_STRINGS = YES;
				SWIFT_VERSION = 5.0;
				TARGETED_DEVICE_FAMILY = "1,2";
			};
			name = Debug;
		};
		EE13C58D2BFE3B060083C752 /* Release */ = {
			isa = XCBuildConfiguration;
			buildSettings = {
				ASSETCATALOG_COMPILER_APPICON_NAME = AppIcon;
				ASSETCATALOG_COMPILER_GLOBAL_ACCENT_COLOR_NAME = AccentColor;
				CODE_SIGN_STYLE = Automatic;
				CURRENT_PROJECT_VERSION = 1;
				DEVELOPMENT_ASSET_PATHS = "\"Avia Skies Adventure/Preview Content\"";
				DEVELOPMENT_TEAM = 4RSA42DBKQ;
				ENABLE_PREVIEWS = YES;
				GENERATE_INFOPLIST_FILE = YES;
				INFOPLIST_FILE = "Avia-Skies-Adventure-Info.plist";
				INFOPLIST_KEY_UIApplicationSceneManifest_Generation = YES;
				INFOPLIST_KEY_UIApplicationSupportsIndirectInputEvents = YES;
				INFOPLIST_KEY_UILaunchScreen_Generation = YES;
				INFOPLIST_KEY_UISupportedInterfaceOrientations_iPad = "UIInterfaceOrientationPortrait UIInterfaceOrientationPortraitUpsideDown UIInterfaceOrientationLandscapeLeft UIInterfaceOrientationLandscapeRight";
				INFOPLIST_KEY_UISupportedInterfaceOrientations_iPhone = "UIInterfaceOrientationPortrait UIInterfaceOrientationLandscapeLeft UIInterfaceOrientationLandscapeRight";
				IPHONEOS_DEPLOYMENT_TARGET = 14.0;
				LD_RUNPATH_SEARCH_PATHS = (
					"$(inherited)",
					"@executable_path/Frameworks",
				);
				MARKETING_VERSION = 1.0;
				PRODUCT_BUNDLE_IDENTIFIER = "com.gamebig.Avia-Skies-Adventure";
				PRODUCT_NAME = "$(TARGET_NAME)";
				SUPPORTED_PLATFORMS = "iphoneos iphonesimulator";
				SUPPORTS_MACCATALYST = NO;
				SUPPORTS_MAC_DESIGNED_FOR_IPHONE_IPAD = NO;
				SWIFT_EMIT_LOC_STRINGS = YES;
				SWIFT_VERSION = 5.0;
				TARGETED_DEVICE_FAMILY = "1,2";
			};
			name = Release;
		};
/* End XCBuildConfiguration section */

/* Begin XCConfigurationList section */
		EE13C5782BFE3B040083C752 /* Build configuration list for PBXProject "Avia Skies Adventure" */ = {
			isa = XCConfigurationList;
			buildConfigurations = (
				EE13C5892BFE3B060083C752 /* Debug */,
				EE13C58A2BFE3B060083C752 /* Release */,
			);
			defaultConfigurationIsVisible = 0;
			defaultConfigurationName = Release;
		};
		EE13C58B2BFE3B060083C752 /* Build configuration list for PBXNativeTarget "Avia Skies Adventure" */ = {
			isa = XCConfigurationList;
			buildConfigurations = (
				EE13C58C2BFE3B060083C752 /* Debug */,
				EE13C58D2BFE3B060083C752 /* Release */,
			);
			defaultConfigurationIsVisible = 0;
			defaultConfigurationName = Release;
		};
/* End XCConfigurationList section */
	};
	rootObject = EE13C5752BFE3B040083C752 /* Project object */;
}
